
Microsoft Visual Studio Solution File, Format Version 12.00
# Visual Studio Version 16
VisualStudioVersion = 16.0.31624.102
MinimumVisualStudioVersion = 10.0.40219.1
Project("{FAE04EC0-301F-11D3-BF4B-00C04F79EFBC}") = "ConsoleApp3", "ConsoleApp3\ConsoleApp3.csproj", "{724B10F9-990D-41AF-AA54-D7A7659CF75F}"
EndProject
Global
	GlobalSection(SolutionConfigurationPlatforms) = preSolution
		Debug|Any CPU = Debug|Any CPU
		Release|Any CPU = Release|Any CPU
	EndGlobalSection
	GlobalSection(ProjectConfigurationPlatforms) = postSolution
		{724B10F9-990D-41AF-AA54-D7A7659CF75F}.Debug|Any CPU.ActiveCfg = Debug|Any CPU
		{724B10F9-990D-41AF-AA54-D7A7659CF75F}.Debug|Any CPU.Build.0 = Debug|Any CPU
		{724B10F9-990D-41AF-AA54-D7A7659CF75F}.Release|Any CPU.ActiveCfg = Release|Any CPU
		{724B10F9-990D-41AF-AA54-D7A7659CF75F}.Release|Any CPU.Build.0 = Release|Any CPU
	EndGlobalSection
	GlobalSection(SolutionProperties) = preSolution
		HideSolutionNode = FALSE
	EndGlobalSection
	GlobalSection(ExtensibilityGlobals) = postSolution
		SolutionGuid = {1A8B6C18-799C-4736-A294-79D8F4B74C54}
	EndGlobalSection
EndGlobal
